// !$*UTF8*$!
{
	archiveVersion = 1;
	classes = {
	};
	objectVersion = 56;
	objects = {

/* Begin PBXBuildFile section */
		6B4984DF2AE0800D008F62A2 /* NewMessageViewModel.swift in Sources */ = {isa = PBXBuildFile; fileRef = 6B4984DE2AE0800D008F62A2 /* NewMessageViewModel.swift */; };
		6B4984E12AE088D6008F62A2 /* Message.swift in Sources */ = {isa = PBXBuildFile; fileRef = 6B4984E02AE088D6008F62A2 /* Message.swift */; };
		6B4984E32AE08A0B008F62A2 /* MessageService.swift in Sources */ = {isa = PBXBuildFile; fileRef = 6B4984E22AE08A0B008F62A2 /* MessageService.swift */; };
		6B4984E72AE08D89008F62A2 /* ChatViewModel.swift in Sources */ = {isa = PBXBuildFile; fileRef = 6B4984E62AE08D89008F62A2 /* ChatViewModel.swift */; };
		6BE8BEFC2ADF01A60002072F /* MessengerTutorialAppApp.swift in Sources */ = {isa = PBXBuildFile; fileRef = 6BE8BEFB2ADF01A60002072F /* MessengerTutorialAppApp.swift */; };
		6BE8BEFE2ADF01A60002072F /* ContentView.swift in Sources */ = {isa = PBXBuildFile; fileRef = 6BE8BEFD2ADF01A60002072F /* ContentView.swift */; };
		6BE8BF002ADF01A70002072F /* Assets.xcassets in Resources */ = {isa = PBXBuildFile; fileRef = 6BE8BEFF2ADF01A70002072F /* Assets.xcassets */; };
		6BE8BF032ADF01A70002072F /* Preview Assets.xcassets in Resources */ = {isa = PBXBuildFile; fileRef = 6BE8BF022ADF01A70002072F /* Preview Assets.xcassets */; };
		6BE8BF122ADF02C20002072F /* LoginView.swift in Sources */ = {isa = PBXBuildFile; fileRef = 6BE8BF112ADF02C20002072F /* LoginView.swift */; };
		6BE8BF142ADF0AF70002072F /* RegistrationView.swift in Sources */ = {isa = PBXBuildFile; fileRef = 6BE8BF132ADF0AF70002072F /* RegistrationView.swift */; };
		6BE8BF172ADF19A40002072F /* InboxView.swift in Sources */ = {isa = PBXBuildFile; fileRef = 6BE8BF162ADF19A40002072F /* InboxView.swift */; };
		6BE8BF1A2ADF1AFC0002072F /* ActiveNowView.swift in Sources */ = {isa = PBXBuildFile; fileRef = 6BE8BF192ADF1AFC0002072F /* ActiveNowView.swift */; };
		6BE8BF1C2ADF1C890002072F /* InboxRowView.swift in Sources */ = {isa = PBXBuildFile; fileRef = 6BE8BF1B2ADF1C890002072F /* InboxRowView.swift */; };
		6BE8BF1F2ADF1FE80002072F /* NewMessageView.swift in Sources */ = {isa = PBXBuildFile; fileRef = 6BE8BF1E2ADF1FE80002072F /* NewMessageView.swift */; };
		6BE8BF242ADF26460002072F /* ProfileView.swift in Sources */ = {isa = PBXBuildFile; fileRef = 6BE8BF232ADF26460002072F /* ProfileView.swift */; };
		6BE8BF262ADF28370002072F /* SettingsOptionsViewModel.swift in Sources */ = {isa = PBXBuildFile; fileRef = 6BE8BF252ADF28370002072F /* SettingsOptionsViewModel.swift */; };
		6BE8BF282ADF2CBE0002072F /* ProfileViewModel.swift in Sources */ = {isa = PBXBuildFile; fileRef = 6BE8BF272ADF2CBE0002072F /* ProfileViewModel.swift */; };
		6BE8BF2A2ADF30340002072F /* User.swift in Sources */ = {isa = PBXBuildFile; fileRef = 6BE8BF292ADF30340002072F /* User.swift */; };
		6BE8BF2D2ADF353C0002072F /* CircularProfileImageView.swift in Sources */ = {isa = PBXBuildFile; fileRef = 6BE8BF2C2ADF353C0002072F /* CircularProfileImageView.swift */; };
		6BE8BF302ADF38B40002072F /* ChatView.swift in Sources */ = {isa = PBXBuildFile; fileRef = 6BE8BF2F2ADF38B30002072F /* ChatView.swift */; };
		6BE8BF322ADF42A80002072F /* ChatMessageCell.swift in Sources */ = {isa = PBXBuildFile; fileRef = 6BE8BF312ADF42A80002072F /* ChatMessageCell.swift */; };
		6BE8BF342ADF45220002072F /* ChatBubble.swift in Sources */ = {isa = PBXBuildFile; fileRef = 6BE8BF332ADF45220002072F /* ChatBubble.swift */; };
		6BE8BF3A2AE03A900002072F /* GoogleService-Info.plist in Resources */ = {isa = PBXBuildFile; fileRef = 6BE8BF392AE03A900002072F /* GoogleService-Info.plist */; };
		6BE8BF3D2AE03B370002072F /* FirebaseAuth in Frameworks */ = {isa = PBXBuildFile; productRef = 6BE8BF3C2AE03B370002072F /* FirebaseAuth */; };
		6BE8BF3F2AE03B370002072F /* FirebaseFirestore in Frameworks */ = {isa = PBXBuildFile; productRef = 6BE8BF3E2AE03B370002072F /* FirebaseFirestore */; };
		6BE8BF412AE03B370002072F /* FirebaseFirestoreSwift in Frameworks */ = {isa = PBXBuildFile; productRef = 6BE8BF402AE03B370002072F /* FirebaseFirestoreSwift */; };
		6BE8BF432AE03B370002072F /* FirebaseStorage in Frameworks */ = {isa = PBXBuildFile; productRef = 6BE8BF422AE03B370002072F /* FirebaseStorage */; };
		6BE8BF472AE03E480002072F /* LoginViewModel.swift in Sources */ = {isa = PBXBuildFile; fileRef = 6BE8BF462AE03E480002072F /* LoginViewModel.swift */; };
		6BE8BF4B2AE03E8D0002072F /* RegistrationViewModel.swift in Sources */ = {isa = PBXBuildFile; fileRef = 6BE8BF4A2AE03E8D0002072F /* RegistrationViewModel.swift */; };
		6BE8BF4D2AE03EC20002072F /* AuthService.swift in Sources */ = {isa = PBXBuildFile; fileRef = 6BE8BF4C2AE03EC20002072F /* AuthService.swift */; };
		6BE8BF512AE04AC70002072F /* ContentViewModel.swift in Sources */ = {isa = PBXBuildFile; fileRef = 6BE8BF502AE04AC70002072F /* ContentViewModel.swift */; };
		6BE8BF532AE05FF90002072F /* UserService.swift in Sources */ = {isa = PBXBuildFile; fileRef = 6BE8BF522AE05FF90002072F /* UserService.swift */; };
		6BE8BF572AE06C4F0002072F /* InboxViewModel.swift in Sources */ = {isa = PBXBuildFile; fileRef = 6BE8BF562AE06C4F0002072F /* InboxViewModel.swift */; };
/* End PBXBuildFile section */

/* Begin PBXFileReference section */
		6B4984DE2AE0800D008F62A2 /* NewMessageViewModel.swift */ = {isa = PBXFileReference; lastKnownFileType = sourcecode.swift; name = NewMessageViewModel.swift; path = MessengerTutorialApp/NewMessage/Views/NewMessageViewModel.swift; sourceTree = SOURCE_ROOT; };
		6B4984E02AE088D6008F62A2 /* Message.swift */ = {isa = PBXFileReference; lastKnownFileType = sourcecode.swift; path = Message.swift; sourceTree = "<group>"; };
		6B4984E22AE08A0B008F62A2 /* MessageService.swift */ = {isa = PBXFileReference; lastKnownFileType = sourcecode.swift; path = MessageService.swift; sourceTree = "<group>"; };
		6B4984E62AE08D89008F62A2 /* ChatViewModel.swift */ = {isa = PBXFileReference; lastKnownFileType = sourcecode.swift; path = ChatViewModel.swift; sourceTree = "<group>"; };
		6BE8BEF82ADF01A60002072F /* MessengerTutorialApp.app */ = {isa = PBXFileReference; explicitFileType = wrapper.application; includeInIndex = 0; path = MessengerTutorialApp.app; sourceTree = BUILT_PRODUCTS_DIR; };
		6BE8BEFB2ADF01A60002072F /* MessengerTutorialAppApp.swift */ = {isa = PBXFileReference; lastKnownFileType = sourcecode.swift; path = MessengerTutorialAppApp.swift; sourceTree = "<group>"; };
		6BE8BEFD2ADF01A60002072F /* ContentView.swift */ = {isa = PBXFileReference; lastKnownFileType = sourcecode.swift; path = ContentView.swift; sourceTree = "<group>"; };
		6BE8BEFF2ADF01A70002072F /* Assets.xcassets */ = {isa = PBXFileReference; lastKnownFileType = folder.assetcatalog; path = Assets.xcassets; sourceTree = "<group>"; };
		6BE8BF022ADF01A70002072F /* Preview Assets.xcassets */ = {isa = PBXFileReference; lastKnownFileType = folder.assetcatalog; path = "Preview Assets.xcassets"; sourceTree = "<group>"; };
		6BE8BF112ADF02C20002072F /* LoginView.swift */ = {isa = PBXFileReference; lastKnownFileType = sourcecode.swift; path = LoginView.swift; sourceTree = "<group>"; };
		6BE8BF132ADF0AF70002072F /* RegistrationView.swift */ = {isa = PBXFileReference; lastKnownFileType = sourcecode.swift; path = RegistrationView.swift; sourceTree = "<group>"; };
		6BE8BF162ADF19A40002072F /* InboxView.swift */ = {isa = PBXFileReference; lastKnownFileType = sourcecode.swift; path = InboxView.swift; sourceTree = "<group>"; };
		6BE8BF192ADF1AFC0002072F /* ActiveNowView.swift */ = {isa = PBXFileReference; lastKnownFileType = sourcecode.swift; path = ActiveNowView.swift; sourceTree = "<group>"; };
		6BE8BF1B2ADF1C890002072F /* InboxRowView.swift */ = {isa = PBXFileReference; lastKnownFileType = sourcecode.swift; path = InboxRowView.swift; sourceTree = "<group>"; };
		6BE8BF1E2ADF1FE80002072F /* NewMessageView.swift */ = {isa = PBXFileReference; lastKnownFileType = sourcecode.swift; path = NewMessageView.swift; sourceTree = "<group>"; };
		6BE8BF232ADF26460002072F /* ProfileView.swift */ = {isa = PBXFileReference; lastKnownFileType = sourcecode.swift; path = ProfileView.swift; sourceTree = "<group>"; };
		6BE8BF252ADF28370002072F /* SettingsOptionsViewModel.swift */ = {isa = PBXFileReference; lastKnownFileType = sourcecode.swift; path = SettingsOptionsViewModel.swift; sourceTree = "<group>"; };
		6BE8BF272ADF2CBE0002072F /* ProfileViewModel.swift */ = {isa = PBXFileReference; lastKnownFileType = sourcecode.swift; path = ProfileViewModel.swift; sourceTree = "<group>"; };
		6BE8BF292ADF30340002072F /* User.swift */ = {isa = PBXFileReference; lastKnownFileType = sourcecode.swift; path = User.swift; sourceTree = "<group>"; };
		6BE8BF2C2ADF353C0002072F /* CircularProfileImageView.swift */ = {isa = PBXFileReference; lastKnownFileType = sourcecode.swift; path = CircularProfileImageView.swift; sourceTree = "<group>"; };
		6BE8BF2F2ADF38B30002072F /* ChatView.swift */ = {isa = PBXFileReference; lastKnownFileType = sourcecode.swift; path = ChatView.swift; sourceTree = "<group>"; };
		6BE8BF312ADF42A80002072F /* ChatMessageCell.swift */ = {isa = PBXFileReference; lastKnownFileType = sourcecode.swift; path = ChatMessageCell.swift; sourceTree = "<group>"; };
		6BE8BF332ADF45220002072F /* ChatBubble.swift */ = {isa = PBXFileReference; lastKnownFileType = sourcecode.swift; path = ChatBubble.swift; sourceTree = "<group>"; };
		6BE8BF392AE03A900002072F /* GoogleService-Info.plist */ = {isa = PBXFileReference; fileEncoding = 4; lastKnownFileType = text.plist.xml; path = "GoogleService-Info.plist"; sourceTree = "<group>"; };
		6BE8BF462AE03E480002072F /* LoginViewModel.swift */ = {isa = PBXFileReference; lastKnownFileType = sourcecode.swift; path = LoginViewModel.swift; sourceTree = "<group>"; };
		6BE8BF4A2AE03E8D0002072F /* RegistrationViewModel.swift */ = {isa = PBXFileReference; lastKnownFileType = sourcecode.swift; path = RegistrationViewModel.swift; sourceTree = "<group>"; };
		6BE8BF4C2AE03EC20002072F /* AuthService.swift */ = {isa = PBXFileReference; lastKnownFileType = sourcecode.swift; path = AuthService.swift; sourceTree = "<group>"; };
		6BE8BF502AE04AC70002072F /* ContentViewModel.swift */ = {isa = PBXFileReference; lastKnownFileType = sourcecode.swift; path = ContentViewModel.swift; sourceTree = "<group>"; };
		6BE8BF522AE05FF90002072F /* UserService.swift */ = {isa = PBXFileReference; lastKnownFileType = sourcecode.swift; path = UserService.swift; sourceTree = "<group>"; };
		6BE8BF562AE06C4F0002072F /* InboxViewModel.swift */ = {isa = PBXFileReference; lastKnownFileType = sourcecode.swift; path = InboxViewModel.swift; sourceTree = "<group>"; };
/* End PBXFileReference section */

/* Begin PBXFrameworksBuildPhase section */
		6BE8BEF52ADF01A60002072F /* Frameworks */ = {
			isa = PBXFrameworksBuildPhase;
			buildActionMask = 2147483647;
			files = (
				6BE8BF3D2AE03B370002072F /* FirebaseAuth in Frameworks */,
				6BE8BF432AE03B370002072F /* FirebaseStorage in Frameworks */,
				6BE8BF3F2AE03B370002072F /* FirebaseFirestore in Frameworks */,
				6BE8BF412AE03B370002072F /* FirebaseFirestoreSwift in Frameworks */,
			);
			runOnlyForDeploymentPostprocessing = 0;
		};
/* End PBXFrameworksBuildPhase section */

/* Begin PBXGroup section */
		6B4984DC2AE07FE0008F62A2 /* Views */ = {
			isa = PBXGroup;
			children = (
				6BE8BF1E2ADF1FE80002072F /* NewMessageView.swift */,
			);
			path = Views;
			sourceTree = "<group>";
		};
		6B4984DD2AE07FE7008F62A2 /* ViewModel */ = {
			isa = PBXGroup;
			children = (
				6B4984DE2AE0800D008F62A2 /* NewMessageViewModel.swift */,
			);
			path = ViewModel;
			sourceTree = "<group>";
		};
		6B4984E42AE08D5D008F62A2 /* View */ = {
			isa = PBXGroup;
			children = (
				6BE8BF2F2ADF38B30002072F /* ChatView.swift */,
				6BE8BF312ADF42A80002072F /* ChatMessageCell.swift */,
				6BE8BF332ADF45220002072F /* ChatBubble.swift */,
			);
			path = View;
			sourceTree = "<group>";
		};
		6B4984E52AE08D74008F62A2 /* ViewModel */ = {
			isa = PBXGroup;
			children = (
				6B4984E62AE08D89008F62A2 /* ChatViewModel.swift */,
			);
			path = ViewModel;
			sourceTree = "<group>";
		};
		6BE8BEEF2ADF01A60002072F = {
			isa = PBXGroup;
			children = (
				6BE8BEFA2ADF01A60002072F /* MessengerTutorialApp */,
				6BE8BEF92ADF01A60002072F /* Products */,
			);
			sourceTree = "<group>";
		};
		6BE8BEF92ADF01A60002072F /* Products */ = {
			isa = PBXGroup;
			children = (
				6BE8BEF82ADF01A60002072F /* MessengerTutorialApp.app */,
			);
			name = Products;
			sourceTree = "<group>";
		};
		6BE8BEFA2ADF01A60002072F /* MessengerTutorialApp */ = {
			isa = PBXGroup;
			children = (
				6BE8BF0D2ADF01C20002072F /* App */,
				6BE8BF0C2ADF01C00002072F /* Core */,
				6BE8BF0B2ADF01BE0002072F /* Extensions */,
				6BE8BF152ADF197E0002072F /* Inbox */,
				6BE8BF0A2ADF01BB0002072F /* Model */,
				6BE8BF202ADF25FD0002072F /* Profile */,
				6BE8BF1D2ADF1FB20002072F /* NewMessage */,
				6BE8BF092ADF01B80002072F /* Service */,
				6BE8BEFF2ADF01A70002072F /* Assets.xcassets */,
				6BE8BF392AE03A900002072F /* GoogleService-Info.plist */,
				6BE8BF012ADF01A70002072F /* Preview Content */,
			);
			path = MessengerTutorialApp;
			sourceTree = "<group>";
		};
		6BE8BF012ADF01A70002072F /* Preview Content */ = {
			isa = PBXGroup;
			children = (
				6BE8BF022ADF01A70002072F /* Preview Assets.xcassets */,
			);
			path = "Preview Content";
			sourceTree = "<group>";
		};
		6BE8BF092ADF01B80002072F /* Service */ = {
			isa = PBXGroup;
			children = (
				6BE8BF522AE05FF90002072F /* UserService.swift */,
				6B4984E22AE08A0B008F62A2 /* MessageService.swift */,
			);
			path = Service;
			sourceTree = "<group>";
		};
		6BE8BF0A2ADF01BB0002072F /* Model */ = {
			isa = PBXGroup;
			children = (
				6BE8BF292ADF30340002072F /* User.swift */,
				6B4984E02AE088D6008F62A2 /* Message.swift */,
			);
			path = Model;
			sourceTree = "<group>";
		};
		6BE8BF0B2ADF01BE0002072F /* Extensions */ = {
			isa = PBXGroup;
			children = (
			);
			path = Extensions;
			sourceTree = "<group>";
		};
		6BE8BF0C2ADF01C00002072F /* Core */ = {
			isa = PBXGroup;
			children = (
				6BE8BF2E2ADF38990002072F /* Chat */,
				6BE8BF2B2ADF34FA0002072F /* Components */,
				6BE8BF182ADF1AE10002072F /* ActiveNow */,
				6BE8BF0E2ADF02690002072F /* Authentication */,
				6BE8BF102ADF028F0002072F /* Root */,
			);
			path = Core;
			sourceTree = "<group>";
		};
		6BE8BF0D2ADF01C20002072F /* App */ = {
			isa = PBXGroup;
			children = (
				6BE8BEFB2ADF01A60002072F /* MessengerTutorialAppApp.swift */,
			);
			path = App;
			sourceTree = "<group>";
		};
		6BE8BF0E2ADF02690002072F /* Authentication */ = {
			isa = PBXGroup;
			children = (
				6BE8BF452AE03E2B0002072F /* Service */,
				6BE8BF442AE03E220002072F /* ViewModel */,
				6BE8BF0F2ADF027D0002072F /* View */,
			);
			path = Authentication;
			sourceTree = "<group>";
		};
		6BE8BF0F2ADF027D0002072F /* View */ = {
			isa = PBXGroup;
			children = (
				6BE8BF112ADF02C20002072F /* LoginView.swift */,
				6BE8BF132ADF0AF70002072F /* RegistrationView.swift */,
			);
			path = View;
			sourceTree = "<group>";
		};
		6BE8BF102ADF028F0002072F /* Root */ = {
			isa = PBXGroup;
			children = (
				6BE8BF4F2AE04AA80002072F /* View */,
				6BE8BF4E2AE04AA00002072F /* ViewModel */,
			);
			path = Root;
			sourceTree = "<group>";
		};
		6BE8BF152ADF197E0002072F /* Inbox */ = {
			isa = PBXGroup;
			children = (
				6BE8BF552AE06C340002072F /* ViewModel */,
				6BE8BF542AE06C210002072F /* Views */,
			);
			path = Inbox;
			sourceTree = "<group>";
		};
		6BE8BF182ADF1AE10002072F /* ActiveNow */ = {
			isa = PBXGroup;
			children = (
				6BE8BF192ADF1AFC0002072F /* ActiveNowView.swift */,
			);
			path = ActiveNow;
			sourceTree = "<group>";
		};
		6BE8BF1D2ADF1FB20002072F /* NewMessage */ = {
			isa = PBXGroup;
			children = (
				6B4984DD2AE07FE7008F62A2 /* ViewModel */,
				6B4984DC2AE07FE0008F62A2 /* Views */,
			);
			path = NewMessage;
			sourceTree = "<group>";
		};
		6BE8BF202ADF25FD0002072F /* Profile */ = {
			isa = PBXGroup;
			children = (
				6BE8BF222ADF26150002072F /* ViewModel */,
				6BE8BF212ADF260F0002072F /* View */,
			);
			path = Profile;
			sourceTree = "<group>";
		};
		6BE8BF212ADF260F0002072F /* View */ = {
			isa = PBXGroup;
			children = (
				6BE8BF232ADF26460002072F /* ProfileView.swift */,
			);
			path = View;
			sourceTree = "<group>";
		};
		6BE8BF222ADF26150002072F /* ViewModel */ = {
			isa = PBXGroup;
			children = (
				6BE8BF252ADF28370002072F /* SettingsOptionsViewModel.swift */,
				6BE8BF272ADF2CBE0002072F /* ProfileViewModel.swift */,
			);
			path = ViewModel;
			sourceTree = "<group>";
		};
		6BE8BF2B2ADF34FA0002072F /* Components */ = {
			isa = PBXGroup;
			children = (
				6BE8BF2C2ADF353C0002072F /* CircularProfileImageView.swift */,
			);
			path = Components;
			sourceTree = "<group>";
		};
		6BE8BF2E2ADF38990002072F /* Chat */ = {
			isa = PBXGroup;
			children = (
				6B4984E52AE08D74008F62A2 /* ViewModel */,
				6B4984E42AE08D5D008F62A2 /* View */,
			);
			path = Chat;
			sourceTree = "<group>";
		};
		6BE8BF442AE03E220002072F /* ViewModel */ = {
			isa = PBXGroup;
			children = (
				6BE8BF462AE03E480002072F /* LoginViewModel.swift */,
				6BE8BF4A2AE03E8D0002072F /* RegistrationViewModel.swift */,
			);
			path = ViewModel;
			sourceTree = "<group>";
		};
		6BE8BF452AE03E2B0002072F /* Service */ = {
			isa = PBXGroup;
			children = (
				6BE8BF4C2AE03EC20002072F /* AuthService.swift */,
			);
			path = Service;
			sourceTree = "<group>";
		};
		6BE8BF4E2AE04AA00002072F /* ViewModel */ = {
			isa = PBXGroup;
			children = (
				6BE8BF502AE04AC70002072F /* ContentViewModel.swift */,
			);
			path = ViewModel;
			sourceTree = "<group>";
		};
		6BE8BF4F2AE04AA80002072F /* View */ = {
			isa = PBXGroup;
			children = (
				6BE8BEFD2ADF01A60002072F /* ContentView.swift */,
			);
			path = View;
			sourceTree = "<group>";
		};
		6BE8BF542AE06C210002072F /* Views */ = {
			isa = PBXGroup;
			children = (
				6BE8BF162ADF19A40002072F /* InboxView.swift */,
				6BE8BF1B2ADF1C890002072F /* InboxRowView.swift */,
			);
			path = Views;
			sourceTree = "<group>";
		};
		6BE8BF552AE06C340002072F /* ViewModel */ = {
			isa = PBXGroup;
			children = (
				6BE8BF562AE06C4F0002072F /* InboxViewModel.swift */,
			);
			path = ViewModel;
			sourceTree = "<group>";
		};
/* End PBXGroup section */

/* Begin PBXNativeTarget section */
		6BE8BEF72ADF01A60002072F /* MessengerTutorialApp */ = {
			isa = PBXNativeTarget;
			buildConfigurationList = 6BE8BF062ADF01A70002072F /* Build configuration list for PBXNativeTarget "MessengerTutorialApp" */;
			buildPhases = (
				6BE8BEF42ADF01A60002072F /* Sources */,
				6BE8BEF52ADF01A60002072F /* Frameworks */,
				6BE8BEF62ADF01A60002072F /* Resources */,
			);
			buildRules = (
			);
			dependencies = (
			);
			name = MessengerTutorialApp;
			packageProductDependencies = (
				6BE8BF3C2AE03B370002072F /* FirebaseAuth */,
				6BE8BF3E2AE03B370002072F /* FirebaseFirestore */,
				6BE8BF402AE03B370002072F /* FirebaseFirestoreSwift */,
				6BE8BF422AE03B370002072F /* FirebaseStorage */,
			);
			productName = MessengerTutorialApp;
			productReference = 6BE8BEF82ADF01A60002072F /* MessengerTutorialApp.app */;
			productType = "com.apple.product-type.application";
		};
/* End PBXNativeTarget section */

/* Begin PBXProject section */
		6BE8BEF02ADF01A60002072F /* Project object */ = {
			isa = PBXProject;
			attributes = {
				BuildIndependentTargetsInParallel = 1;
				LastSwiftUpdateCheck = 1420;
				LastUpgradeCheck = 1420;
				TargetAttributes = {
					6BE8BEF72ADF01A60002072F = {
						CreatedOnToolsVersion = 14.2;
					};
				};
			};
			buildConfigurationList = 6BE8BEF32ADF01A60002072F /* Build configuration list for PBXProject "MessengerTutorialApp" */;
			compatibilityVersion = "Xcode 14.0";
			developmentRegion = en;
			hasScannedForEncodings = 0;
			knownRegions = (
				en,
				Base,
			);
			mainGroup = 6BE8BEEF2ADF01A60002072F;
			packageReferences = (
				6BE8BF3B2AE03B360002072F /* XCRemoteSwiftPackageReference "firebase-ios-sdk" */,
			);
			productRefGroup = 6BE8BEF92ADF01A60002072F /* Products */;
			projectDirPath = "";
			projectRoot = "";
			targets = (
				6BE8BEF72ADF01A60002072F /* MessengerTutorialApp */,
			);
		};
/* End PBXProject section */

/* Begin PBXResourcesBuildPhase section */
		6BE8BEF62ADF01A60002072F /* Resources */ = {
			isa = PBXResourcesBuildPhase;
			buildActionMask = 2147483647;
			files = (
				6BE8BF032ADF01A70002072F /* Preview Assets.xcassets in Resources */,
				6BE8BF002ADF01A70002072F /* Assets.xcassets in Resources */,
				6BE8BF3A2AE03A900002072F /* GoogleService-Info.plist in Resources */,
			);
			runOnlyForDeploymentPostprocessing = 0;
		};
/* End PBXResourcesBuildPhase section */

/* Begin PBXSourcesBuildPhase section */
		6BE8BEF42ADF01A60002072F /* Sources */ = {
			isa = PBXSourcesBuildPhase;
			buildActionMask = 2147483647;
			files = (
				6B4984E72AE08D89008F62A2 /* ChatViewModel.swift in Sources */,
				6BE8BF1C2ADF1C890002072F /* InboxRowView.swift in Sources */,
				6BE8BF572AE06C4F0002072F /* InboxViewModel.swift in Sources */,
				6BE8BF4B2AE03E8D0002072F /* RegistrationViewModel.swift in Sources */,
				6BE8BF242ADF26460002072F /* ProfileView.swift in Sources */,
				6BE8BF1F2ADF1FE80002072F /* NewMessageView.swift in Sources */,
				6BE8BF512AE04AC70002072F /* ContentViewModel.swift in Sources */,
				6BE8BF122ADF02C20002072F /* LoginView.swift in Sources */,
				6BE8BF302ADF38B40002072F /* ChatView.swift in Sources */,
				6BE8BF4D2AE03EC20002072F /* AuthService.swift in Sources */,
				6BE8BEFE2ADF01A60002072F /* ContentView.swift in Sources */,
				6BE8BF322ADF42A80002072F /* ChatMessageCell.swift in Sources */,
				6BE8BF342ADF45220002072F /* ChatBubble.swift in Sources */,
				6BE8BF2D2ADF353C0002072F /* CircularProfileImageView.swift in Sources */,
				6BE8BF172ADF19A40002072F /* InboxView.swift in Sources */,
				6BE8BF472AE03E480002072F /* LoginViewModel.swift in Sources */,
				6B4984DF2AE0800D008F62A2 /* NewMessageViewModel.swift in Sources */,
				6BE8BF532AE05FF90002072F /* UserService.swift in Sources */,
				6BE8BF1A2ADF1AFC0002072F /* ActiveNowView.swift in Sources */,
				6BE8BF282ADF2CBE0002072F /* ProfileViewModel.swift in Sources */,
				6BE8BF2A2ADF30340002072F /* User.swift in Sources */,
				6B4984E32AE08A0B008F62A2 /* MessageService.swift in Sources */,
				6BE8BEFC2ADF01A60002072F /* MessengerTutorialAppApp.swift in Sources */,
				6B4984E12AE088D6008F62A2 /* Message.swift in Sources */,
				6BE8BF262ADF28370002072F /* SettingsOptionsViewModel.swift in Sources */,
				6BE8BF142ADF0AF70002072F /* RegistrationView.swift in Sources */,
			);
			runOnlyForDeploymentPostprocessing = 0;
		};
/* End PBXSourcesBuildPhase section */

/* Begin XCBuildConfiguration section */
		6BE8BF042ADF01A70002072F /* Debug */ = {
			isa = XCBuildConfiguration;
			buildSettings = {
				ALWAYS_SEARCH_USER_PATHS = NO;
				CLANG_ANALYZER_NONNULL = YES;
				CLANG_ANALYZER_NUMBER_OBJECT_CONVERSION = YES_AGGRESSIVE;
				CLANG_CXX_LANGUAGE_STANDARD = "gnu++20";
				CLANG_ENABLE_MODULES = YES;
				CLANG_ENABLE_OBJC_ARC = YES;
				CLANG_ENABLE_OBJC_WEAK = YES;
				CLANG_WARN_BLOCK_CAPTURE_AUTORELEASING = YES;
				CLANG_WARN_BOOL_CONVERSION = YES;
				CLANG_WARN_COMMA = YES;
				CLANG_WARN_CONSTANT_CONVERSION = YES;
				CLANG_WARN_DEPRECATED_OBJC_IMPLEMENTATIONS = YES;
				CLANG_WARN_DIRECT_OBJC_ISA_USAGE = YES_ERROR;
				CLANG_WARN_DOCUMENTATION_COMMENTS = YES;
				CLANG_WARN_EMPTY_BODY = YES;
				CLANG_WARN_ENUM_CONVERSION = YES;
				CLANG_WARN_INFINITE_RECURSION = YES;
				CLANG_WARN_INT_CONVERSION = YES;
				CLANG_WARN_NON_LITERAL_NULL_CONVERSION = YES;
				CLANG_WARN_OBJC_IMPLICIT_RETAIN_SELF = YES;
				CLANG_WARN_OBJC_LITERAL_CONVERSION = YES;
				CLANG_WARN_OBJC_ROOT_CLASS = YES_ERROR;
				CLANG_WARN_QUOTED_INCLUDE_IN_FRAMEWORK_HEADER = YES;
				CLANG_WARN_RANGE_LOOP_ANALYSIS = YES;
				CLANG_WARN_STRICT_PROTOTYPES = YES;
				CLANG_WARN_SUSPICIOUS_MOVE = YES;
				CLANG_WARN_UNGUARDED_AVAILABILITY = YES_AGGRESSIVE;
				CLANG_WARN_UNREACHABLE_CODE = YES;
				CLANG_WARN__DUPLICATE_METHOD_MATCH = YES;
				COPY_PHASE_STRIP = NO;
				DEBUG_INFORMATION_FORMAT = dwarf;
				ENABLE_STRICT_OBJC_MSGSEND = YES;
				ENABLE_TESTABILITY = YES;
				GCC_C_LANGUAGE_STANDARD = gnu11;
				GCC_DYNAMIC_NO_PIC = NO;
				GCC_NO_COMMON_BLOCKS = YES;
				GCC_OPTIMIZATION_LEVEL = 0;
				GCC_PREPROCESSOR_DEFINITIONS = (
					"DEBUG=1",
					"$(inherited)",
				);
				GCC_WARN_64_TO_32_BIT_CONVERSION = YES;
				GCC_WARN_ABOUT_RETURN_TYPE = YES_ERROR;
				GCC_WARN_UNDECLARED_SELECTOR = YES;
				GCC_WARN_UNINITIALIZED_AUTOS = YES_AGGRESSIVE;
				GCC_WARN_UNUSED_FUNCTION = YES;
				GCC_WARN_UNUSED_VARIABLE = YES;
				IPHONEOS_DEPLOYMENT_TARGET = 16.2;
				MTL_ENABLE_DEBUG_INFO = INCLUDE_SOURCE;
				MTL_FAST_MATH = YES;
				ONLY_ACTIVE_ARCH = YES;
				SDKROOT = iphoneos;
				SWIFT_ACTIVE_COMPILATION_CONDITIONS = DEBUG;
				SWIFT_OPTIMIZATION_LEVEL = "-Onone";
			};
			name = Debug;
		};
		6BE8BF052ADF01A70002072F /* Release */ = {
			isa = XCBuildConfiguration;
			buildSettings = {
				ALWAYS_SEARCH_USER_PATHS = NO;
				CLANG_ANALYZER_NONNULL = YES;
				CLANG_ANALYZER_NUMBER_OBJECT_CONVERSION = YES_AGGRESSIVE;
				CLANG_CXX_LANGUAGE_STANDARD = "gnu++20";
				CLANG_ENABLE_MODULES = YES;
				CLANG_ENABLE_OBJC_ARC = YES;
				CLANG_ENABLE_OBJC_WEAK = YES;
				CLANG_WARN_BLOCK_CAPTURE_AUTORELEASING = YES;
				CLANG_WARN_BOOL_CONVERSION = YES;
				CLANG_WARN_COMMA = YES;
				CLANG_WARN_CONSTANT_CONVERSION = YES;
				CLANG_WARN_DEPRECATED_OBJC_IMPLEMENTATIONS = YES;
				CLANG_WARN_DIRECT_OBJC_ISA_USAGE = YES_ERROR;
				CLANG_WARN_DOCUMENTATION_COMMENTS = YES;
				CLANG_WARN_EMPTY_BODY = YES;
				CLANG_WARN_ENUM_CONVERSION = YES;
				CLANG_WARN_INFINITE_RECURSION = YES;
				CLANG_WARN_INT_CONVERSION = YES;
				CLANG_WARN_NON_LITERAL_NULL_CONVERSION = YES;
				CLANG_WARN_OBJC_IMPLICIT_RETAIN_SELF = YES;
				CLANG_WARN_OBJC_LITERAL_CONVERSION = YES;
				CLANG_WARN_OBJC_ROOT_CLASS = YES_ERROR;
				CLANG_WARN_QUOTED_INCLUDE_IN_FRAMEWORK_HEADER = YES;
				CLANG_WARN_RANGE_LOOP_ANALYSIS = YES;
				CLANG_WARN_STRICT_PROTOTYPES = YES;
				CLANG_WARN_SUSPICIOUS_MOVE = YES;
				CLANG_WARN_UNGUARDED_AVAILABILITY = YES_AGGRESSIVE;
				CLANG_WARN_UNREACHABLE_CODE = YES;
				CLANG_WARN__DUPLICATE_METHOD_MATCH = YES;
				COPY_PHASE_STRIP = NO;
				DEBUG_INFORMATION_FORMAT = "dwarf-with-dsym";
				ENABLE_NS_ASSERTIONS = NO;
				ENABLE_STRICT_OBJC_MSGSEND = YES;
				GCC_C_LANGUAGE_STANDARD = gnu11;
				GCC_NO_COMMON_BLOCKS = YES;
				GCC_WARN_64_TO_32_BIT_CONVERSION = YES;
				GCC_WARN_ABOUT_RETURN_TYPE = YES_ERROR;
				GCC_WARN_UNDECLARED_SELECTOR = YES;
				GCC_WARN_UNINITIALIZED_AUTOS = YES_AGGRESSIVE;
				GCC_WARN_UNUSED_FUNCTION = YES;
				GCC_WARN_UNUSED_VARIABLE = YES;
				IPHONEOS_DEPLOYMENT_TARGET = 16.2;
				MTL_ENABLE_DEBUG_INFO = NO;
				MTL_FAST_MATH = YES;
				SDKROOT = iphoneos;
				SWIFT_COMPILATION_MODE = wholemodule;
				SWIFT_OPTIMIZATION_LEVEL = "-O";
				VALIDATE_PRODUCT = YES;
			};
			name = Release;
		};
		6BE8BF072ADF01A70002072F /* Debug */ = {
			isa = XCBuildConfiguration;
			buildSettings = {
				ASSETCATALOG_COMPILER_APPICON_NAME = AppIcon;
				ASSETCATALOG_COMPILER_GLOBAL_ACCENT_COLOR_NAME = AccentColor;
				CODE_SIGN_STYLE = Automatic;
				CURRENT_PROJECT_VERSION = 1;
				DEVELOPMENT_ASSET_PATHS = "\"MessengerTutorialApp/Preview Content\"";
				DEVELOPMENT_TEAM = 33T4V24A4D;
				ENABLE_PREVIEWS = YES;
				GENERATE_INFOPLIST_FILE = YES;
				INFOPLIST_KEY_UIApplicationSceneManifest_Generation = YES;
				INFOPLIST_KEY_UIApplicationSupportsIndirectInputEvents = YES;
				INFOPLIST_KEY_UILaunchScreen_Generation = YES;
				INFOPLIST_KEY_UISupportedInterfaceOrientations_iPad = "UIInterfaceOrientationPortrait UIInterfaceOrientationPortraitUpsideDown UIInterfaceOrientationLandscapeLeft UIInterfaceOrientationLandscapeRight";
				INFOPLIST_KEY_UISupportedInterfaceOrientations_iPhone = "UIInterfaceOrientationPortrait UIInterfaceOrientationLandscapeLeft UIInterfaceOrientationLandscapeRight";
				LD_RUNPATH_SEARCH_PATHS = (
					"$(inherited)",
					"@executable_path/Frameworks",
				);
				MARKETING_VERSION = 1.0;
				PRODUCT_BUNDLE_IDENTIFIER = com.codewithluane.MessengerTutorialApp;
				PRODUCT_NAME = "$(TARGET_NAME)";
				SWIFT_EMIT_LOC_STRINGS = YES;
				SWIFT_VERSION = 5.0;
				TARGETED_DEVICE_FAMILY = "1,2";
			};
			name = Debug;
		};
		6BE8BF082ADF01A70002072F /* Release */ = {
			isa = XCBuildConfiguration;
			buildSettings = {
				ASSETCATALOG_COMPILER_APPICON_NAME = AppIcon;
				ASSETCATALOG_COMPILER_GLOBAL_ACCENT_COLOR_NAME = AccentColor;
				CODE_SIGN_STYLE = Automatic;
				CURRENT_PROJECT_VERSION = 1;
				DEVELOPMENT_ASSET_PATHS = "\"MessengerTutorialApp/Preview Content\"";
				DEVELOPMENT_TEAM = 33T4V24A4D;
				ENABLE_PREVIEWS = YES;
				GENERATE_INFOPLIST_FILE = YES;
				INFOPLIST_KEY_UIApplicationSceneManifest_Generation = YES;
				INFOPLIST_KEY_UIApplicationSupportsIndirectInputEvents = YES;
				INFOPLIST_KEY_UILaunchScreen_Generation = YES;
				INFOPLIST_KEY_UISupportedInterfaceOrientations_iPad = "UIInterfaceOrientationPortrait UIInterfaceOrientationPortraitUpsideDown UIInterfaceOrientationLandscapeLeft UIInterfaceOrientationLandscapeRight";
				INFOPLIST_KEY_UISupportedInterfaceOrientations_iPhone = "UIInterfaceOrientationPortrait UIInterfaceOrientationLandscapeLeft UIInterfaceOrientationLandscapeRight";
				LD_RUNPATH_SEARCH_PATHS = (
					"$(inherited)",
					"@executable_path/Frameworks",
				);
				MARKETING_VERSION = 1.0;
				PRODUCT_BUNDLE_IDENTIFIER = com.codewithluane.MessengerTutorialApp;
				PRODUCT_NAME = "$(TARGET_NAME)";
				SWIFT_EMIT_LOC_STRINGS = YES;
				SWIFT_VERSION = 5.0;
				TARGETED_DEVICE_FAMILY = "1,2";
			};
			name = Release;
		};
/* End XCBuildConfiguration section */

/* Begin XCConfigurationList section */
		6BE8BEF32ADF01A60002072F /* Build configuration list for PBXProject "MessengerTutorialApp" */ = {
			isa = XCConfigurationList;
			buildConfigurations = (
				6BE8BF042ADF01A70002072F /* Debug */,
				6BE8BF052ADF01A70002072F /* Release */,
			);
			defaultConfigurationIsVisible = 0;
			defaultConfigurationName = Release;
		};
		6BE8BF062ADF01A70002072F /* Build configuration list for PBXNativeTarget "MessengerTutorialApp" */ = {
			isa = XCConfigurationList;
			buildConfigurations = (
				6BE8BF072ADF01A70002072F /* Debug */,
				6BE8BF082ADF01A70002072F /* Release */,
			);
			defaultConfigurationIsVisible = 0;
			defaultConfigurationName = Release;
		};
/* End XCConfigurationList section */

/* Begin XCRemoteSwiftPackageReference section */
		6BE8BF3B2AE03B360002072F /* XCRemoteSwiftPackageReference "firebase-ios-sdk" */ = {
			isa = XCRemoteSwiftPackageReference;
			repositoryURL = "https://github.com/firebase/firebase-ios-sdk.git";
			requirement = {
				kind = upToNextMajorVersion;
				minimumVersion = 9.0.0;
			};
		};
/* End XCRemoteSwiftPackageReference section */

/* Begin XCSwiftPackageProductDependency section */
		6BE8BF3C2AE03B370002072F /* FirebaseAuth */ = {
			isa = XCSwiftPackageProductDependency;
			package = 6BE8BF3B2AE03B360002072F /* XCRemoteSwiftPackageReference "firebase-ios-sdk" */;
			productName = FirebaseAuth;
		};
		6BE8BF3E2AE03B370002072F /* FirebaseFirestore */ = {
			isa = XCSwiftPackageProductDependency;
			package = 6BE8BF3B2AE03B360002072F /* XCRemoteSwiftPackageReference "firebase-ios-sdk" */;
			productName = FirebaseFirestore;
		};
		6BE8BF402AE03B370002072F /* FirebaseFirestoreSwift */ = {
			isa = XCSwiftPackageProductDependency;
			package = 6BE8BF3B2AE03B360002072F /* XCRemoteSwiftPackageReference "firebase-ios-sdk" */;
			productName = FirebaseFirestoreSwift;
		};
		6BE8BF422AE03B370002072F /* FirebaseStorage */ = {
			isa = XCSwiftPackageProductDependency;
			package = 6BE8BF3B2AE03B360002072F /* XCRemoteSwiftPackageReference "firebase-ios-sdk" */;
			productName = FirebaseStorage;
		};
/* End XCSwiftPackageProductDependency section */
	};
	rootObject = 6BE8BEF02ADF01A60002072F /* Project object */;
}
